// !$*UTF8*$!
{
	archiveVersion = 1;
	classes = {
	};
	objectVersion = 56;
	objects = {

/* Begin PBXBuildFile section */
		AA000001 /* SUBCAMApp.swift in Sources */ = {isa = PBXBuildFile; fileRef = AB000001 /* SUBCAMApp.swift */; };
		AA000002 /* ContentView.swift in Sources */ = {isa = PBXBuildFile; fileRef = AB000002 /* ContentView.swift */; };
		AA000003 /* CameraPreviewView.swift in Sources */ = {isa = PBXBuildFile; fileRef = AB000003 /* CameraPreviewView.swift */; };
		AA000004 /* RecordingView.swift in Sources */ = {isa = PBXBuildFile; fileRef = AB000004 /* RecordingView.swift */; };
		AA000005 /* SubtitleOverlayView.swift in Sources */ = {isa = PBXBuildFile; fileRef = AB000005 /* SubtitleOverlayView.swift */; };
		AA000006 /* CameraService.swift in Sources */ = {isa = PBXBuildFile; fileRef = AB000006 /* CameraService.swift */; };
		AA000007 /* VideoRecordingService.swift in Sources */ = {isa = PBXBuildFile; fileRef = AB000007 /* VideoRecordingService.swift */; };
		AA000008 /* SpeechRecognitionService.swift in Sources */ = {isa = PBXBuildFile; fileRef = AB000008 /* SpeechRecognitionService.swift */; };
		AA000009 /* SubtitleRenderer.swift in Sources */ = {isa = PBXBuildFile; fileRef = AB000009 /* SubtitleRenderer.swift */; };
		AA00000A /* PermissionManager.swift in Sources */ = {isa = PBXBuildFile; fileRef = AB00000A /* PermissionManager.swift */; };
		AA00000B /* Assets.xcassets in Resources */ = {isa = PBXBuildFile; fileRef = AB00000B /* Assets.xcassets */; };
		AA00000C /* SettingsService.swift in Sources */ = {isa = PBXBuildFile; fileRef = AB00000E /* SettingsService.swift */; };
		AA00000D /* SettingsView.swift in Sources */ = {isa = PBXBuildFile; fileRef = AB00000F /* SettingsView.swift */; };
		AA000010 /* StoreService.swift in Sources */ = {isa = PBXBuildFile; fileRef = AB000010 /* StoreService.swift */; };
		AA000011 /* KeychainService.swift in Sources */ = {isa = PBXBuildFile; fileRef = AB000011 /* KeychainService.swift */; };
		AA000012 /* AIVisionService.swift in Sources */ = {isa = PBXBuildFile; fileRef = AB000012 /* AIVisionService.swift */; };
		AA000013 /* VisionAIProvider.swift in Sources */ = {isa = PBXBuildFile; fileRef = AB000013 /* VisionAIProvider.swift */; };
		AA000014 /* GeminiVisionProvider.swift in Sources */ = {isa = PBXBuildFile; fileRef = AB000014 /* GeminiVisionProvider.swift */; };
		AA000015 /* ClaudeVisionProvider.swift in Sources */ = {isa = PBXBuildFile; fileRef = AB000015 /* ClaudeVisionProvider.swift */; };
		AA000016 /* OpenAIVisionProvider.swift in Sources */ = {isa = PBXBuildFile; fileRef = AB000016 /* OpenAIVisionProvider.swift */; };
		AA000017 /* LocalLLMVisionProvider.swift in Sources */ = {isa = PBXBuildFile; fileRef = AB000017 /* LocalLLMVisionProvider.swift */; };
/* End PBXBuildFile section */

/* Begin PBXFileReference section */
		AB000001 /* SUBCAMApp.swift */ = {isa = PBXFileReference; lastKnownFileType = sourcecode.swift; path = SUBCAMApp.swift; sourceTree = "<group>"; };
		AB000002 /* ContentView.swift */ = {isa = PBXFileReference; lastKnownFileType = sourcecode.swift; path = ContentView.swift; sourceTree = "<group>"; };
		AB000003 /* CameraPreviewView.swift */ = {isa = PBXFileReference; lastKnownFileType = sourcecode.swift; path = CameraPreviewView.swift; sourceTree = "<group>"; };
		AB000004 /* RecordingView.swift */ = {isa = PBXFileReference; lastKnownFileType = sourcecode.swift; path = RecordingView.swift; sourceTree = "<group>"; };
		AB000005 /* SubtitleOverlayView.swift */ = {isa = PBXFileReference; lastKnownFileType = sourcecode.swift; path = SubtitleOverlayView.swift; sourceTree = "<group>"; };
		AB000006 /* CameraService.swift */ = {isa = PBXFileReference; lastKnownFileType = sourcecode.swift; path = CameraService.swift; sourceTree = "<group>"; };
		AB000007 /* VideoRecordingService.swift */ = {isa = PBXFileReference; lastKnownFileType = sourcecode.swift; path = VideoRecordingService.swift; sourceTree = "<group>"; };
		AB000008 /* SpeechRecognitionService.swift */ = {isa = PBXFileReference; lastKnownFileType = sourcecode.swift; path = SpeechRecognitionService.swift; sourceTree = "<group>"; };
		AB000009 /* SubtitleRenderer.swift */ = {isa = PBXFileReference; lastKnownFileType = sourcecode.swift; path = SubtitleRenderer.swift; sourceTree = "<group>"; };
		AB00000A /* PermissionManager.swift */ = {isa = PBXFileReference; lastKnownFileType = sourcecode.swift; path = PermissionManager.swift; sourceTree = "<group>"; };
		AB00000B /* Assets.xcassets */ = {isa = PBXFileReference; lastKnownFileType = folder.assetcatalog; path = Assets.xcassets; sourceTree = "<group>"; };
		AB00000C /* Info.plist */ = {isa = PBXFileReference; lastKnownFileType = text.plist.xml; path = Info.plist; sourceTree = "<group>"; };
		AB00000D /* SUBCAM.app */ = {isa = PBXFileReference; explicitFileType = wrapper.application; includeInIndex = 0; path = SUBCAM.app; sourceTree = BUILT_PRODUCTS_DIR; };
		AB00000E /* SettingsService.swift */ = {isa = PBXFileReference; lastKnownFileType = sourcecode.swift; path = SettingsService.swift; sourceTree = "<group>"; };
		AB00000F /* SettingsView.swift */ = {isa = PBXFileReference; lastKnownFileType = sourcecode.swift; path = SettingsView.swift; sourceTree = "<group>"; };
		AB000010 /* StoreService.swift */ = {isa = PBXFileReference; lastKnownFileType = sourcecode.swift; path = StoreService.swift; sourceTree = "<group>"; };
		AB000011 /* KeychainService.swift */ = {isa = PBXFileReference; lastKnownFileType = sourcecode.swift; path = KeychainService.swift; sourceTree = "<group>"; };
		AB000012 /* AIVisionService.swift */ = {isa = PBXFileReference; lastKnownFileType = sourcecode.swift; path = AIVisionService.swift; sourceTree = "<group>"; };
		AB000013 /* VisionAIProvider.swift */ = {isa = PBXFileReference; lastKnownFileType = sourcecode.swift; path = VisionAIProvider.swift; sourceTree = "<group>"; };
		AB000014 /* GeminiVisionProvider.swift */ = {isa = PBXFileReference; lastKnownFileType = sourcecode.swift; path = GeminiVisionProvider.swift; sourceTree = "<group>"; };
		AB000015 /* ClaudeVisionProvider.swift */ = {isa = PBXFileReference; lastKnownFileType = sourcecode.swift; path = ClaudeVisionProvider.swift; sourceTree = "<group>"; };
		AB000016 /* OpenAIVisionProvider.swift */ = {isa = PBXFileReference; lastKnownFileType = sourcecode.swift; path = OpenAIVisionProvider.swift; sourceTree = "<group>"; };
		AB000017 /* LocalLLMVisionProvider.swift */ = {isa = PBXFileReference; lastKnownFileType = sourcecode.swift; path = LocalLLMVisionProvider.swift; sourceTree = "<group>"; };
/* End PBXFileReference section */

/* Begin PBXFrameworksBuildPhase section */
		AC000001 /* Frameworks */ = {
			isa = PBXFrameworksBuildPhase;
			buildActionMask = 2147483647;
			files = (
			);
			runOnlyForDeploymentPostprocessing = 0;
		};
/* End PBXFrameworksBuildPhase section */

/* Begin PBXGroup section */
		AD000001 = {
			isa = PBXGroup;
			children = (
				AD000002 /* SUBCAM */,
				AD000006 /* Products */,
			);
			sourceTree = "<group>";
		};
		AD000002 /* SUBCAM */ = {
			isa = PBXGroup;
			children = (
				AB000001 /* SUBCAMApp.swift */,
				AB00000C /* Info.plist */,
				AB00000B /* Assets.xcassets */,
				AD000003 /* Views */,
				AD000004 /* Services */,
				AD000005 /* Utilities */,
			);
			path = SUBCAM;
			sourceTree = "<group>";
		};
		AD000003 /* Views */ = {
			isa = PBXGroup;
			children = (
				AB000002 /* ContentView.swift */,
				AB000003 /* CameraPreviewView.swift */,
				AB000004 /* RecordingView.swift */,
				AB000005 /* SubtitleOverlayView.swift */,
				AB00000F /* SettingsView.swift */,
			);
			path = Views;
			sourceTree = "<group>";
		};
		AD000004 /* Services */ = {
			isa = PBXGroup;
			children = (
				AB000006 /* CameraService.swift */,
				AB000007 /* VideoRecordingService.swift */,
				AB000008 /* SpeechRecognitionService.swift */,
				AB000009 /* SubtitleRenderer.swift */,
				AB00000E /* SettingsService.swift */,
				AB000010 /* StoreService.swift */,
				AB000011 /* KeychainService.swift */,
				AB000012 /* AIVisionService.swift */,
				AD000007 /* AIProviders */,
			);
			path = Services;
			sourceTree = "<group>";
		};
		AD000007 /* AIProviders */ = {
			isa = PBXGroup;
			children = (
				AB000013 /* VisionAIProvider.swift */,
				AB000014 /* GeminiVisionProvider.swift */,
				AB000015 /* ClaudeVisionProvider.swift */,
				AB000016 /* OpenAIVisionProvider.swift */,
				AB000017 /* LocalLLMVisionProvider.swift */,
			);
			path = AIProviders;
			sourceTree = "<group>";
		};
		AD000005 /* Utilities */ = {
			isa = PBXGroup;
			children = (
				AB00000A /* PermissionManager.swift */,
			);
			path = Utilities;
			sourceTree = "<group>";
		};
		AD000006 /* Products */ = {
			isa = PBXGroup;
			children = (
				AB00000D /* SUBCAM.app */,
			);
			name = Products;
			sourceTree = "<group>";
		};
/* End PBXGroup section */

/* Begin PBXNativeTarget section */
		AE000001 /* SUBCAM */ = {
			isa = PBXNativeTarget;
			buildConfigurationList = AF000003 /* Build configuration list for PBXNativeTarget "SUBCAM" */;
			buildPhases = (
				AE000002 /* Sources */,
				AC000001 /* Frameworks */,
				AE000003 /* Resources */,
			);
			buildRules = (
			);
			dependencies = (
			);
			name = SUBCAM;
			productName = SUBCAM;
			productReference = AB00000D /* SUBCAM.app */;
			productType = "com.apple.product-type.application";
		};
/* End PBXNativeTarget section */

/* Begin PBXProject section */
		AF000001 /* Project object */ = {
			isa = PBXProject;
			attributes = {
				BuildIndependentTargetsInParallel = 1;
				LastSwiftUpdateCheck = 1500;
				LastUpgradeCheck = 1500;
				TargetAttributes = {
					AE000001 = {
						CreatedOnToolsVersion = 15.0;
					};
				};
			};
			buildConfigurationList = AF000002 /* Build configuration list for PBXProject "SUBCAM" */;
			compatibilityVersion = "Xcode 14.0";
			developmentRegion = ja;
			hasScannedForEncodings = 0;
			knownRegions = (
				ja,
				Base,
			);
			mainGroup = AD000001;
			productRefGroup = AD000006 /* Products */;
			projectDirPath = "";
			projectRoot = "";
			targets = (
				AE000001 /* SUBCAM */,
			);
		};
/* End PBXProject section */

/* Begin PBXResourcesBuildPhase section */
		AE000003 /* Resources */ = {
			isa = PBXResourcesBuildPhase;
			buildActionMask = 2147483647;
			files = (
				AA00000B /* Assets.xcassets in Resources */,
			);
			runOnlyForDeploymentPostprocessing = 0;
		};
/* End PBXResourcesBuildPhase section */

/* Begin PBXSourcesBuildPhase section */
		AE000002 /* Sources */ = {
			isa = PBXSourcesBuildPhase;
			buildActionMask = 2147483647;
			files = (
				AA000001 /* SUBCAMApp.swift in Sources */,
				AA000002 /* ContentView.swift in Sources */,
				AA000003 /* CameraPreviewView.swift in Sources */,
				AA000004 /* RecordingView.swift in Sources */,
				AA000005 /* SubtitleOverlayView.swift in Sources */,
				AA000006 /* CameraService.swift in Sources */,
				AA000007 /* VideoRecordingService.swift in Sources */,
				AA000008 /* SpeechRecognitionService.swift in Sources */,
				AA000009 /* SubtitleRenderer.swift in Sources */,
				AA00000A /* PermissionManager.swift in Sources */,
				AA00000C /* SettingsService.swift in Sources */,
				AA00000D /* SettingsView.swift in Sources */,
				AA000010 /* StoreService.swift in Sources */,
				AA000011 /* KeychainService.swift in Sources */,
				AA000012 /* AIVisionService.swift in Sources */,
				AA000013 /* VisionAIProvider.swift in Sources */,
				AA000014 /* GeminiVisionProvider.swift in Sources */,
				AA000015 /* ClaudeVisionProvider.swift in Sources */,
				AA000016 /* OpenAIVisionProvider.swift in Sources */,
				AA000017 /* LocalLLMVisionProvider.swift in Sources */,
			);
			runOnlyForDeploymentPostprocessing = 0;
		};
/* End PBXSourcesBuildPhase section */

/* Begin XCBuildConfiguration section */
		B0000001 /* Debug */ = {
			isa = XCBuildConfiguration;
			buildSettings = {
				ALWAYS_SEARCH_USER_PATHS = NO;
				ASSETCATALOG_COMPILER_GENERATE_SWIFT_ASSET_SYMBOL_EXTENSIONS = YES;
				CLANG_ANALYZER_NONNULL = YES;
				CLANG_CXX_LANGUAGE_STANDARD = "gnu++20";
				CLANG_ENABLE_MODULES = YES;
				CLANG_ENABLE_OBJC_ARC = YES;
				CLANG_WARN_BLOCK_CAPTURE_AUTORELEASING = YES;
				CLANG_WARN_BOOL_CONVERSION = YES;
				CLANG_WARN_COMMA = YES;
				CLANG_WARN_CONSTANT_CONVERSION = YES;
				CLANG_WARN_DEPRECATED_OBJC_IMPLEMENTATIONS = YES;
				CLANG_WARN_DIRECT_OBJC_ISA_USAGE = YES_ERROR;
				CLANG_WARN_EMPTY_BODY = YES;
				CLANG_WARN_ENUM_CONVERSION = YES;
				CLANG_WARN_INFINITE_RECURSION = YES;
				CLANG_WARN_INT_CONVERSION = YES;
				CLANG_WARN_OBJC_ROOT_CLASS = YES_ERROR;
				CLANG_WARN_QUOTED_INCLUDE_IN_FRAMEWORK_HEADER = YES;
				CLANG_WARN_RANGE_LOOP_ANALYSIS = YES;
				CLANG_WARN_STRICT_PROTOTYPES = YES;
				CLANG_WARN_SUSPICIOUS_MOVE = YES;
				CLANG_WARN_UNREACHABLE_CODE = YES;
				CLANG_WARN__DUPLICATE_METHOD_MATCH = YES;
				COPY_PHASE_STRIP = NO;
				DEBUG_INFORMATION_FORMAT = dwarf;
				ENABLE_STRICT_OBJC_MSGSEND = YES;
				ENABLE_TESTABILITY = YES;
				ENABLE_USER_SCRIPT_SANDBOXING = YES;
				GCC_DYNAMIC_NO_PIC = NO;
				GCC_NO_COMMON_BLOCKS = YES;
				GCC_OPTIMIZATION_LEVEL = 0;
				GCC_WARN_64_TO_32_BIT_CONVERSION = YES;
				GCC_WARN_ABOUT_RETURN_TYPE = YES_ERROR;
				GCC_WARN_UNDECLARED_SELECTOR = YES;
				GCC_WARN_UNINITIALIZED_AUTOS = YES_AGGRESSIVE;
				GCC_WARN_UNUSED_FUNCTION = YES;
				GCC_WARN_UNUSED_VARIABLE = YES;
				IPHONEOS_DEPLOYMENT_TARGET = 17.0;
				MTL_ENABLE_DEBUG_INFO = INCLUDE_SOURCE;
				MTL_FAST_MATH = YES;
				ONLY_ACTIVE_ARCH = YES;
				SDKROOT = iphoneos;
				SWIFT_ACTIVE_COMPILATION_CONDITIONS = "DEBUG $(inherited)";
				SWIFT_OPTIMIZATION_LEVEL = "-Onone";
			};
			name = Debug;
		};
		B0000002 /* Release */ = {
			isa = XCBuildConfiguration;
			buildSettings = {
				ALWAYS_SEARCH_USER_PATHS = NO;
				ASSETCATALOG_COMPILER_GENERATE_SWIFT_ASSET_SYMBOL_EXTENSIONS = YES;
				CLANG_ANALYZER_NONNULL = YES;
				CLANG_CXX_LANGUAGE_STANDARD = "gnu++20";
				CLANG_ENABLE_MODULES = YES;
				CLANG_ENABLE_OBJC_ARC = YES;
				CLANG_WARN_BLOCK_CAPTURE_AUTORELEASING = YES;
				CLANG_WARN_BOOL_CONVERSION = YES;
				CLANG_WARN_COMMA = YES;
				CLANG_WARN_CONSTANT_CONVERSION = YES;
				CLANG_WARN_DEPRECATED_OBJC_IMPLEMENTATIONS = YES;
				CLANG_WARN_DIRECT_OBJC_ISA_USAGE = YES_ERROR;
				CLANG_WARN_EMPTY_BODY = YES;
				CLANG_WARN_ENUM_CONVERSION = YES;
				CLANG_WARN_INFINITE_RECURSION = YES;
				CLANG_WARN_INT_CONVERSION = YES;
				CLANG_WARN_OBJC_ROOT_CLASS = YES_ERROR;
				CLANG_WARN_QUOTED_INCLUDE_IN_FRAMEWORK_HEADER = YES;
				CLANG_WARN_RANGE_LOOP_ANALYSIS = YES;
				CLANG_WARN_STRICT_PROTOTYPES = YES;
				CLANG_WARN_SUSPICIOUS_MOVE = YES;
				CLANG_WARN_UNREACHABLE_CODE = YES;
				CLANG_WARN__DUPLICATE_METHOD_MATCH = YES;
				COPY_PHASE_STRIP = NO;
				DEBUG_INFORMATION_FORMAT = "dwarf-with-dsym";
				ENABLE_NS_ASSERTIONS = NO;
				ENABLE_STRICT_OBJC_MSGSEND = YES;
				ENABLE_USER_SCRIPT_SANDBOXING = YES;
				GCC_NO_COMMON_BLOCKS = YES;
				GCC_WARN_64_TO_32_BIT_CONVERSION = YES;
				GCC_WARN_ABOUT_RETURN_TYPE = YES_ERROR;
				GCC_WARN_UNDECLARED_SELECTOR = YES;
				GCC_WARN_UNINITIALIZED_AUTOS = YES_AGGRESSIVE;
				GCC_WARN_UNUSED_FUNCTION = YES;
				GCC_WARN_UNUSED_VARIABLE = YES;
				IPHONEOS_DEPLOYMENT_TARGET = 17.0;
				MTL_ENABLE_DEBUG_INFO = NO;
				MTL_FAST_MATH = YES;
				SDKROOT = iphoneos;
				SWIFT_COMPILATION_MODE = wholemodule;
				VALIDATE_PRODUCT = YES;
			};
			name = Release;
		};
		B0000003 /* Debug */ = {
			isa = XCBuildConfiguration;
			buildSettings = {
				ASSETCATALOG_COMPILER_APPICON_NAME = AppIcon;
				ASSETCATALOG_COMPILER_GLOBAL_ACCENT_COLOR_NAME = AccentColor;
				CODE_SIGN_STYLE = Automatic;
				CURRENT_PROJECT_VERSION = 1;
				GENERATE_INFOPLIST_FILE = YES;
				INFOPLIST_FILE = SUBCAM/Info.plist;
				INFOPLIST_KEY_UIApplicationSceneManifest_Generation = YES;
				INFOPLIST_KEY_UIApplicationSupportsIndirectInputEvents = YES;
				INFOPLIST_KEY_UILaunchScreen_Generation = YES;
				INFOPLIST_KEY_UISupportedInterfaceOrientations = "UIInterfaceOrientationPortrait UIInterfaceOrientationLandscapeLeft UIInterfaceOrientationLandscapeRight";
				INFOPLIST_KEY_UISupportedInterfaceOrientations_iPad = "UIInterfaceOrientationLandscapeLeft UIInterfaceOrientationLandscapeRight UIInterfaceOrientationPortrait UIInterfaceOrientationPortraitUpsideDown";
				LD_RUNPATH_SEARCH_PATHS = (
					"$(inherited)",
					"@executable_path/Frameworks",
				);
				MARKETING_VERSION = 1.0;
				PRODUCT_BUNDLE_IDENTIFIER = com.subcam.app;
				PRODUCT_NAME = "$(TARGET_NAME)";
				SUPPORTED_PLATFORMS = "iphoneos iphonesimulator";
				SUPPORTS_MACCATALYST = NO;
				SWIFT_EMIT_LOC_STRINGS = YES;
				SWIFT_VERSION = 5.0;
				TARGETED_DEVICE_FAMILY = "1,2";
			};
			name = Debug;
		};
		B0000004 /* Release */ = {
			isa = XCBuildConfiguration;
			buildSettings = {
				ASSETCATALOG_COMPILER_APPICON_NAME = AppIcon;
				ASSETCATALOG_COMPILER_GLOBAL_ACCENT_COLOR_NAME = AccentColor;
				CODE_SIGN_STYLE = Automatic;
				CURRENT_PROJECT_VERSION = 1;
				GENERATE_INFOPLIST_FILE = YES;
				INFOPLIST_FILE = SUBCAM/Info.plist;
				INFOPLIST_KEY_UIApplicationSceneManifest_Generation = YES;
				INFOPLIST_KEY_UIApplicationSupportsIndirectInputEvents = YES;
				INFOPLIST_KEY_UILaunchScreen_Generation = YES;
				INFOPLIST_KEY_UISupportedInterfaceOrientations = "UIInterfaceOrientationPortrait UIInterfaceOrientationLandscapeLeft UIInterfaceOrientationLandscapeRight";
				INFOPLIST_KEY_UISupportedInterfaceOrientations_iPad = "UIInterfaceOrientationLandscapeLeft UIInterfaceOrientationLandscapeRight UIInterfaceOrientationPortrait UIInterfaceOrientationPortraitUpsideDown";
				LD_RUNPATH_SEARCH_PATHS = (
					"$(inherited)",
					"@executable_path/Frameworks",
				);
				MARKETING_VERSION = 1.0;
				PRODUCT_BUNDLE_IDENTIFIER = com.subcam.app;
				PRODUCT_NAME = "$(TARGET_NAME)";
				SUPPORTED_PLATFORMS = "iphoneos iphonesimulator";
				SUPPORTS_MACCATALYST = NO;
				SWIFT_EMIT_LOC_STRINGS = YES;
				SWIFT_VERSION = 5.0;
				TARGETED_DEVICE_FAMILY = "1,2";
			};
			name = Release;
		};
/* End XCBuildConfiguration section */

/* Begin XCConfigurationList section */
		AF000002 /* Build configuration list for PBXProject "SUBCAM" */ = {
			isa = XCConfigurationList;
			buildConfigurations = (
				B0000001 /* Debug */,
				B0000002 /* Release */,
			);
			defaultConfigurationIsVisible = 0;
			defaultConfigurationName = Release;
		};
		AF000003 /* Build configuration list for PBXNativeTarget "SUBCAM" */ = {
			isa = XCConfigurationList;
			buildConfigurations = (
				B0000003 /* Debug */,
				B0000004 /* Release */,
			);
			defaultConfigurationIsVisible = 0;
			defaultConfigurationName = Release;
		};
/* End XCConfigurationList section */

	};
	rootObject = AF000001 /* Project object */;
}
